
Microsoft Visual Studio Solution File, Format Version 12.00
# Visual Studio Version 16
VisualStudioVersion = 16.0.34031.81
MinimumVisualStudioVersion = 10.0.40219.1
Project("{E24C65DC-7377-472B-9ABA-BC803B73C61A}") = "Proyecto2", "Proyecto2\", "{A7961B06-5D04-4A88-BB4E-1DFE7EFA6C6F}"
	ProjectSection(WebsiteProperties) = preProject
		TargetFrameworkMoniker = ".NETFramework,Version%3Dv4.7.2"
		Debug.AspNetCompiler.VirtualPath = "/localhost_62608"
		Debug.AspNetCompiler.PhysicalPath = "Proyecto2\"
		Debug.AspNetCompiler.TargetPath = "PrecompiledWeb\localhost_62608\"
		Debug.AspNetCompiler.Updateable = "true"
		Debug.AspNetCompiler.ForceOverwrite = "true"
		Debug.AspNetCompiler.FixedNames = "false"
		Debug.AspNetCompiler.Debug = "True"
		Release.AspNetCompiler.VirtualPath = "/localhost_62608"
		Release.AspNetCompiler.PhysicalPath = "Proyecto2\"
		Release.AspNetCompiler.TargetPath = "PrecompiledWeb\localhost_62608\"
		Release.AspNetCompiler.Updateable = "true"
		Release.AspNetCompiler.ForceOverwrite = "true"
		Release.AspNetCompiler.FixedNames = "false"
		Release.AspNetCompiler.Debug = "False"
		VWDPort = "62608"
		SlnRelativePath = "Proyecto2\"
		DefaultWebSiteLanguage = "Visual C#"
	EndProjectSection
EndProject
Global
	GlobalSection(SolutionConfigurationPlatforms) = preSolution
		Debug|Any CPU = Debug|Any CPU
	EndGlobalSection
	GlobalSection(ProjectConfigurationPlatforms) = postSolution
		{A7961B06-5D04-4A88-BB4E-1DFE7EFA6C6F}.Debug|Any CPU.ActiveCfg = Debug|Any CPU
		{A7961B06-5D04-4A88-BB4E-1DFE7EFA6C6F}.Debug|Any CPU.Build.0 = Debug|Any CPU
	EndGlobalSection
	GlobalSection(SolutionProperties) = preSolution
		HideSolutionNode = FALSE
	EndGlobalSection
	GlobalSection(ExtensibilityGlobals) = postSolution
		SolutionGuid = {BDBD9DA7-0DD2-4146-8EA9-03BA3ED4100E}
	EndGlobalSection
EndGlobal
